PODS:
  - DatePickerDialog (1.1.7)
  - PromiseKit (4.2.2):
    - PromiseKit/Foundation (= 4.2.2)
    - PromiseKit/QuartzCore (= 4.2.2)
    - PromiseKit/UIKit (= 4.2.2)
  - PromiseKit/CorePromise (4.2.2)
  - PromiseKit/Foundation (4.2.2):
    - PromiseKit/CorePromise
  - PromiseKit/QuartzCore (4.2.2):
    - PromiseKit/CorePromise
  - PromiseKit/UIKit (4.2.2):
    - PromiseKit/CorePromise
  - Typhoon (4.0.2):
    - Typhoon/DeallocNotifier (= 4.0.2)
    - Typhoon/IntrospectionUtils (= 4.0.2)
    - Typhoon/no-arc (= 4.0.2)
  - Typhoon/DeallocNotifier (4.0.2)
  - Typhoon/IntrospectionUtils (4.0.2)
  - Typhoon/no-arc (4.0.2):
    - Typhoon/IntrospectionUtils

DEPENDENCIES:
  - DatePickerDialog
  - PromiseKit (~> 4.0)
  - Typhoon

SPEC CHECKSUMS:
  DatePickerDialog: bd5e7e92e4da2c6a8966b28d5f5d8f335d6c2c63
  PromiseKit: 00e8886881f151c7e573d06b437915b0bb2970ec
  Typhoon: 05db9d33d798b90c202bf3f754275c03efe93297

PODFILE CHECKSUM: 51ec5f8ed5bd3216b3cf1cbebcf729d124aba9d3

COCOAPODS: 1.2.1
