// !$*UTF8*$!
{
	archiveVersion = 1;
	classes = {
	};
	objectVersion = 46;
	objects = {

/* Begin PBXBuildFile section */
		038DF1FA5E22F0EA6EDEB189 /* Pods_weightAppUITests.framework in Frameworks */ = {isa = PBXBuildFile; fileRef = 8C78037EBC24542317D83EC9 /* Pods_weightAppUITests.framework */; };
		B6662DEBA2B7CBC4B1CD463A /* Pods_weightAppTests.framework in Frameworks */ = {isa = PBXBuildFile; fileRef = E6EA520D7114675B8E3D747F /* Pods_weightAppTests.framework */; };
		C5405509F2EAA3AF835B3696 /* Pods_weightApp.framework in Frameworks */ = {isa = PBXBuildFile; fileRef = 30D332CDAD59C218F1B8635F /* Pods_weightApp.framework */; };
		CA0157451F0FB22F006E40AF /* idealWeightLoretzTest.swift in Sources */ = {isa = PBXBuildFile; fileRef = CA0157441F0FB22F006E40AF /* idealWeightLoretzTest.swift */; };
		CA0157481F0FB4EE006E40AF /* IdealWeightByLoretz.swift in Sources */ = {isa = PBXBuildFile; fileRef = CA0157471F0FB4EE006E40AF /* IdealWeightByLoretz.swift */; };
		CA12EF341F39FEFB00C6477D /* DAOUser.swift in Sources */ = {isa = PBXBuildFile; fileRef = CA12EF331F39FEFB00C6477D /* DAOUser.swift */; };
		CA3386C11F2CAA6300B52956 /* HealthKit.framework in Frameworks */ = {isa = PBXBuildFile; fileRef = CA3386C01F2CAA6300B52956 /* HealthKit.framework */; };
		CA3386C41F2CAB0400B52956 /* HealthKitService.swift in Sources */ = {isa = PBXBuildFile; fileRef = CA3386C31F2CAB0400B52956 /* HealthKitService.swift */; };
		CA494DAC1F41D18800550AF5 /* InitStatusViewController.swift in Sources */ = {isa = PBXBuildFile; fileRef = CA494DA81F41D18800550AF5 /* InitStatusViewController.swift */; };
		CA494DAD1F41D18800550AF5 /* InitTargetViewController.swift in Sources */ = {isa = PBXBuildFile; fileRef = CA494DA91F41D18800550AF5 /* InitTargetViewController.swift */; };
		CA494DAE1F41D18800550AF5 /* IntroductionViewController.swift in Sources */ = {isa = PBXBuildFile; fileRef = CA494DAA1F41D18800550AF5 /* IntroductionViewController.swift */; };
		CA494DAF1F41D18800550AF5 /* StatusViewController.swift in Sources */ = {isa = PBXBuildFile; fileRef = CA494DAB1F41D18800550AF5 /* StatusViewController.swift */; };
		CA49A42E1F28CDB900B2EBD9 /* DatesHandler.swift in Sources */ = {isa = PBXBuildFile; fileRef = CA49A42D1F28CDB900B2EBD9 /* DatesHandler.swift */; };
		CA749F201F38B0EF007DB162 /* User.swift in Sources */ = {isa = PBXBuildFile; fileRef = CA749F1F1F38B0EF007DB162 /* User.swift */; };
		CA90CA661F0F976800BFEBE8 /* AppDelegate.swift in Sources */ = {isa = PBXBuildFile; fileRef = CA90CA651F0F976800BFEBE8 /* AppDelegate.swift */; };
		CA90CA6B1F0F976800BFEBE8 /* Main.storyboard in Resources */ = {isa = PBXBuildFile; fileRef = CA90CA691F0F976800BFEBE8 /* Main.storyboard */; };
		CA90CA6E1F0F976800BFEBE8 /* weightApp.xcdatamodeld in Sources */ = {isa = PBXBuildFile; fileRef = CA90CA6C1F0F976800BFEBE8 /* weightApp.xcdatamodeld */; };
		CA90CA701F0F976800BFEBE8 /* Assets.xcassets in Resources */ = {isa = PBXBuildFile; fileRef = CA90CA6F1F0F976800BFEBE8 /* Assets.xcassets */; };
		CA90CA731F0F976800BFEBE8 /* LaunchScreen.storyboard in Resources */ = {isa = PBXBuildFile; fileRef = CA90CA711F0F976800BFEBE8 /* LaunchScreen.storyboard */; };
		CA90CA891F0F976800BFEBE8 /* weightAppUITests.swift in Sources */ = {isa = PBXBuildFile; fileRef = CA90CA881F0F976800BFEBE8 /* weightAppUITests.swift */; };
		CA9917ED1F3C9E3300B8E457 /* MainAssembly.swift in Sources */ = {isa = PBXBuildFile; fileRef = CA9917EC1F3C9E3300B8E457 /* MainAssembly.swift */; };
		CA9996071F161AC50043096A /* ConvertorMeasures.swift in Sources */ = {isa = PBXBuildFile; fileRef = CA9996061F161AC50043096A /* ConvertorMeasures.swift */; };
		CA99960B1F161C1B0043096A /* convertorMeasuresTest.swift in Sources */ = {isa = PBXBuildFile; fileRef = CA99960A1F161C1B0043096A /* convertorMeasuresTest.swift */; };
		CAE722EA1F3DFECB005D2B7F /* CalculateTargets.swift in Sources */ = {isa = PBXBuildFile; fileRef = CAE722E91F3DFECB005D2B7F /* CalculateTargets.swift */; };
		CAEA2E4A1F277E0400590875 /* calculateTargetDateTest.swift in Sources */ = {isa = PBXBuildFile; fileRef = CAEA2E491F277E0400590875 /* calculateTargetDateTest.swift */; };
/* End PBXBuildFile section */

/* Begin PBXContainerItemProxy section */
		CA90CA7A1F0F976800BFEBE8 /* PBXContainerItemProxy */ = {
			isa = PBXContainerItemProxy;
			containerPortal = CA90CA5A1F0F976700BFEBE8 /* Project object */;
			proxyType = 1;
			remoteGlobalIDString = CA90CA611F0F976700BFEBE8;
			remoteInfo = weightApp;
		};
		CA90CA851F0F976800BFEBE8 /* PBXContainerItemProxy */ = {
			isa = PBXContainerItemProxy;
			containerPortal = CA90CA5A1F0F976700BFEBE8 /* Project object */;
			proxyType = 1;
			remoteGlobalIDString = CA90CA611F0F976700BFEBE8;
			remoteInfo = weightApp;
		};
/* End PBXContainerItemProxy section */

/* Begin PBXFileReference section */
		2B05DC5E3712A3A8FB550C77 /* Pods-weightAppTests.debug.xcconfig */ = {isa = PBXFileReference; includeInIndex = 1; lastKnownFileType = text.xcconfig; name = "Pods-weightAppTests.debug.xcconfig"; path = "Pods/Target Support Files/Pods-weightAppTests/Pods-weightAppTests.debug.xcconfig"; sourceTree = "<group>"; };
		2EC3E37A4A70FBA5D883EBD6 /* Pods-weightApp.release.xcconfig */ = {isa = PBXFileReference; includeInIndex = 1; lastKnownFileType = text.xcconfig; name = "Pods-weightApp.release.xcconfig"; path = "Pods/Target Support Files/Pods-weightApp/Pods-weightApp.release.xcconfig"; sourceTree = "<group>"; };
		30D332CDAD59C218F1B8635F /* Pods_weightApp.framework */ = {isa = PBXFileReference; explicitFileType = wrapper.framework; includeInIndex = 0; path = Pods_weightApp.framework; sourceTree = BUILT_PRODUCTS_DIR; };
		57D68C6A53B5BDFE48B93EED /* Pods-weightAppTests.release.xcconfig */ = {isa = PBXFileReference; includeInIndex = 1; lastKnownFileType = text.xcconfig; name = "Pods-weightAppTests.release.xcconfig"; path = "Pods/Target Support Files/Pods-weightAppTests/Pods-weightAppTests.release.xcconfig"; sourceTree = "<group>"; };
		88BDE107530184938EC7E799 /* Pods-weightApp.debug.xcconfig */ = {isa = PBXFileReference; includeInIndex = 1; lastKnownFileType = text.xcconfig; name = "Pods-weightApp.debug.xcconfig"; path = "Pods/Target Support Files/Pods-weightApp/Pods-weightApp.debug.xcconfig"; sourceTree = "<group>"; };
		8C78037EBC24542317D83EC9 /* Pods_weightAppUITests.framework */ = {isa = PBXFileReference; explicitFileType = wrapper.framework; includeInIndex = 0; path = Pods_weightAppUITests.framework; sourceTree = BUILT_PRODUCTS_DIR; };
		A513D44A13D2065A28F423B4 /* Pods-weightAppUITests.release.xcconfig */ = {isa = PBXFileReference; includeInIndex = 1; lastKnownFileType = text.xcconfig; name = "Pods-weightAppUITests.release.xcconfig"; path = "Pods/Target Support Files/Pods-weightAppUITests/Pods-weightAppUITests.release.xcconfig"; sourceTree = "<group>"; };
		C50AB08B3312D391B96F67FA /* Pods-weightAppUITests.debug.xcconfig */ = {isa = PBXFileReference; includeInIndex = 1; lastKnownFileType = text.xcconfig; name = "Pods-weightAppUITests.debug.xcconfig"; path = "Pods/Target Support Files/Pods-weightAppUITests/Pods-weightAppUITests.debug.xcconfig"; sourceTree = "<group>"; };
		CA0157441F0FB22F006E40AF /* idealWeightLoretzTest.swift */ = {isa = PBXFileReference; fileEncoding = 4; lastKnownFileType = sourcecode.swift; path = idealWeightLoretzTest.swift; sourceTree = "<group>"; };
		CA0157471F0FB4EE006E40AF /* IdealWeightByLoretz.swift */ = {isa = PBXFileReference; fileEncoding = 4; lastKnownFileType = sourcecode.swift; name = IdealWeightByLoretz.swift; path = Utilities/IdealWeightByLoretz.swift; sourceTree = "<group>"; };
		CA12EF331F39FEFB00C6477D /* DAOUser.swift */ = {isa = PBXFileReference; fileEncoding = 4; lastKnownFileType = sourcecode.swift; name = DAOUser.swift; path = CoreData/DAOUser.swift; sourceTree = "<group>"; };
		CA3386BF1F2CAA6300B52956 /* weightApp.entitlements */ = {isa = PBXFileReference; lastKnownFileType = text.plist.entitlements; path = weightApp.entitlements; sourceTree = "<group>"; };
		CA3386C01F2CAA6300B52956 /* HealthKit.framework */ = {isa = PBXFileReference; lastKnownFileType = wrapper.framework; name = HealthKit.framework; path = System/Library/Frameworks/HealthKit.framework; sourceTree = SDKROOT; };
		CA3386C31F2CAB0400B52956 /* HealthKitService.swift */ = {isa = PBXFileReference; fileEncoding = 4; lastKnownFileType = sourcecode.swift; name = HealthKitService.swift; path = Services/HealthKitService.swift; sourceTree = "<group>"; };
		CA494DA81F41D18800550AF5 /* InitStatusViewController.swift */ = {isa = PBXFileReference; fileEncoding = 4; lastKnownFileType = sourcecode.swift; name = InitStatusViewController.swift; path = ViewControllers/InitStatusViewController.swift; sourceTree = "<group>"; };
		CA494DA91F41D18800550AF5 /* InitTargetViewController.swift */ = {isa = PBXFileReference; fileEncoding = 4; lastKnownFileType = sourcecode.swift; name = InitTargetViewController.swift; path = ViewControllers/InitTargetViewController.swift; sourceTree = "<group>"; };
		CA494DAA1F41D18800550AF5 /* IntroductionViewController.swift */ = {isa = PBXFileReference; fileEncoding = 4; lastKnownFileType = sourcecode.swift; name = IntroductionViewController.swift; path = ViewControllers/IntroductionViewController.swift; sourceTree = "<group>"; };
		CA494DAB1F41D18800550AF5 /* StatusViewController.swift */ = {isa = PBXFileReference; fileEncoding = 4; lastKnownFileType = sourcecode.swift; name = StatusViewController.swift; path = ViewControllers/StatusViewController.swift; sourceTree = "<group>"; };
		CA49A42D1F28CDB900B2EBD9 /* DatesHandler.swift */ = {isa = PBXFileReference; fileEncoding = 4; lastKnownFileType = sourcecode.swift; name = DatesHandler.swift; path = Utilities/DatesHandler.swift; sourceTree = "<group>"; };
		CA749F1F1F38B0EF007DB162 /* User.swift */ = {isa = PBXFileReference; fileEncoding = 4; lastKnownFileType = sourcecode.swift; name = User.swift; path = Models/User.swift; sourceTree = "<group>"; };
		CA90CA621F0F976800BFEBE8 /* weightApp.app */ = {isa = PBXFileReference; explicitFileType = wrapper.application; includeInIndex = 0; path = weightApp.app; sourceTree = BUILT_PRODUCTS_DIR; };
		CA90CA651F0F976800BFEBE8 /* AppDelegate.swift */ = {isa = PBXFileReference; lastKnownFileType = sourcecode.swift; path = AppDelegate.swift; sourceTree = "<group>"; };
		CA90CA6A1F0F976800BFEBE8 /* Base */ = {isa = PBXFileReference; lastKnownFileType = file.storyboard; name = Base; path = Base.lproj/Main.storyboard; sourceTree = "<group>"; };
		CA90CA6D1F0F976800BFEBE8 /* weightApp.xcdatamodel */ = {isa = PBXFileReference; lastKnownFileType = wrapper.xcdatamodel; path = weightApp.xcdatamodel; sourceTree = "<group>"; };
		CA90CA6F1F0F976800BFEBE8 /* Assets.xcassets */ = {isa = PBXFileReference; lastKnownFileType = folder.assetcatalog; path = Assets.xcassets; sourceTree = "<group>"; };
		CA90CA721F0F976800BFEBE8 /* Base */ = {isa = PBXFileReference; lastKnownFileType = file.storyboard; name = Base; path = Base.lproj/LaunchScreen.storyboard; sourceTree = "<group>"; };
		CA90CA741F0F976800BFEBE8 /* Info.plist */ = {isa = PBXFileReference; lastKnownFileType = text.plist.xml; path = Info.plist; sourceTree = "<group>"; };
		CA90CA791F0F976800BFEBE8 /* weightAppTests.xctest */ = {isa = PBXFileReference; explicitFileType = wrapper.cfbundle; includeInIndex = 0; path = weightAppTests.xctest; sourceTree = BUILT_PRODUCTS_DIR; };
		CA90CA7F1F0F976800BFEBE8 /* Info.plist */ = {isa = PBXFileReference; lastKnownFileType = text.plist.xml; path = Info.plist; sourceTree = "<group>"; };
		CA90CA841F0F976800BFEBE8 /* weightAppUITests.xctest */ = {isa = PBXFileReference; explicitFileType = wrapper.cfbundle; includeInIndex = 0; path = weightAppUITests.xctest; sourceTree = BUILT_PRODUCTS_DIR; };
		CA90CA881F0F976800BFEBE8 /* weightAppUITests.swift */ = {isa = PBXFileReference; lastKnownFileType = sourcecode.swift; path = weightAppUITests.swift; sourceTree = "<group>"; };
		CA90CA8A1F0F976800BFEBE8 /* Info.plist */ = {isa = PBXFileReference; lastKnownFileType = text.plist.xml; path = Info.plist; sourceTree = "<group>"; };
		CA9917EC1F3C9E3300B8E457 /* MainAssembly.swift */ = {isa = PBXFileReference; fileEncoding = 4; lastKnownFileType = sourcecode.swift; name = MainAssembly.swift; path = Assembly/MainAssembly.swift; sourceTree = "<group>"; };
		CA9996061F161AC50043096A /* ConvertorMeasures.swift */ = {isa = PBXFileReference; fileEncoding = 4; lastKnownFileType = sourcecode.swift; name = ConvertorMeasures.swift; path = Utilities/ConvertorMeasures.swift; sourceTree = "<group>"; };
		CA99960A1F161C1B0043096A /* convertorMeasuresTest.swift */ = {isa = PBXFileReference; fileEncoding = 4; lastKnownFileType = sourcecode.swift; path = convertorMeasuresTest.swift; sourceTree = "<group>"; };
		CAE722E91F3DFECB005D2B7F /* CalculateTargets.swift */ = {isa = PBXFileReference; fileEncoding = 4; lastKnownFileType = sourcecode.swift; name = CalculateTargets.swift; path = Utilities/CalculateTargets.swift; sourceTree = "<group>"; };
		CAEA2E491F277E0400590875 /* calculateTargetDateTest.swift */ = {isa = PBXFileReference; fileEncoding = 4; lastKnownFileType = sourcecode.swift; path = calculateTargetDateTest.swift; sourceTree = "<group>"; };
		E6EA520D7114675B8E3D747F /* Pods_weightAppTests.framework */ = {isa = PBXFileReference; explicitFileType = wrapper.framework; includeInIndex = 0; path = Pods_weightAppTests.framework; sourceTree = BUILT_PRODUCTS_DIR; };
/* End PBXFileReference section */

/* Begin PBXFrameworksBuildPhase section */
		CA90CA5F1F0F976700BFEBE8 /* Frameworks */ = {
			isa = PBXFrameworksBuildPhase;
			buildActionMask = 2147483647;
			files = (
				C5405509F2EAA3AF835B3696 /* Pods_weightApp.framework in Frameworks */,
				CA3386C11F2CAA6300B52956 /* HealthKit.framework in Frameworks */,
			);
			runOnlyForDeploymentPostprocessing = 0;
		};
		CA90CA761F0F976800BFEBE8 /* Frameworks */ = {
			isa = PBXFrameworksBuildPhase;
			buildActionMask = 2147483647;
			files = (
				B6662DEBA2B7CBC4B1CD463A /* Pods_weightAppTests.framework in Frameworks */,
			);
			runOnlyForDeploymentPostprocessing = 0;
		};
		CA90CA811F0F976800BFEBE8 /* Frameworks */ = {
			isa = PBXFrameworksBuildPhase;
			buildActionMask = 2147483647;
			files = (
				038DF1FA5E22F0EA6EDEB189 /* Pods_weightAppUITests.framework in Frameworks */,
			);
			runOnlyForDeploymentPostprocessing = 0;
		};
/* End PBXFrameworksBuildPhase section */

/* Begin PBXGroup section */
		C661F6E95DA5EDFAE630477B /* Frameworks */ = {
			isa = PBXGroup;
			children = (
				CA3386C01F2CAA6300B52956 /* HealthKit.framework */,
				30D332CDAD59C218F1B8635F /* Pods_weightApp.framework */,
				E6EA520D7114675B8E3D747F /* Pods_weightAppTests.framework */,
				8C78037EBC24542317D83EC9 /* Pods_weightAppUITests.framework */,
			);
			name = Frameworks;
			sourceTree = "<group>";
		};
		CA0157461F0FB4A7006E40AF /* Utilities */ = {
			isa = PBXGroup;
			children = (
				CA0157471F0FB4EE006E40AF /* IdealWeightByLoretz.swift */,
				CA9996061F161AC50043096A /* ConvertorMeasures.swift */,
				CA49A42D1F28CDB900B2EBD9 /* DatesHandler.swift */,
				CAE722E91F3DFECB005D2B7F /* CalculateTargets.swift */,
			);
			name = Utilities;
			sourceTree = "<group>";
		};
		CA12EF321F39FED100C6477D /* CoreData */ = {
			isa = PBXGroup;
			children = (
				CA12EF331F39FEFB00C6477D /* DAOUser.swift */,
			);
			name = CoreData;
			sourceTree = "<group>";
		};
		CA3386C21F2CAAE700B52956 /* Services */ = {
			isa = PBXGroup;
			children = (
				CA3386C31F2CAB0400B52956 /* HealthKitService.swift */,
			);
			name = Services;
			sourceTree = "<group>";
		};
		CA494DA71F41D13100550AF5 /* ViewControllers */ = {
			isa = PBXGroup;
			children = (
				CA494DA81F41D18800550AF5 /* InitStatusViewController.swift */,
				CA494DA91F41D18800550AF5 /* InitTargetViewController.swift */,
				CA494DAA1F41D18800550AF5 /* IntroductionViewController.swift */,
				CA494DAB1F41D18800550AF5 /* StatusViewController.swift */,
			);
			name = ViewControllers;
			sourceTree = "<group>";
		};
		CA749F1E1F38B0B3007DB162 /* Models */ = {
			isa = PBXGroup;
			children = (
				CA749F1F1F38B0EF007DB162 /* User.swift */,
			);
			name = Models;
			sourceTree = "<group>";
		};
		CA90CA591F0F976700BFEBE8 = {
			isa = PBXGroup;
			children = (
				CA90CA641F0F976800BFEBE8 /* weightApp */,
				CA90CA7C1F0F976800BFEBE8 /* weightAppTests */,
				CA90CA871F0F976800BFEBE8 /* weightAppUITests */,
				CA90CA631F0F976800BFEBE8 /* Products */,
				F9360B15BE2A6EE6CB89B5B1 /* Pods */,
				C661F6E95DA5EDFAE630477B /* Frameworks */,
			);
			sourceTree = "<group>";
		};
		CA90CA631F0F976800BFEBE8 /* Products */ = {
			isa = PBXGroup;
			children = (
				CA90CA621F0F976800BFEBE8 /* weightApp.app */,
				CA90CA791F0F976800BFEBE8 /* weightAppTests.xctest */,
				CA90CA841F0F976800BFEBE8 /* weightAppUITests.xctest */,
			);
			name = Products;
			sourceTree = "<group>";
		};
		CA90CA641F0F976800BFEBE8 /* weightApp */ = {
			isa = PBXGroup;
			children = (
				CA9917EB1F3C9E1000B8E457 /* Assembly */,
				CA494DA71F41D13100550AF5 /* ViewControllers */,
				CA12EF321F39FED100C6477D /* CoreData */,
				CA749F1E1F38B0B3007DB162 /* Models */,
				CA3386C21F2CAAE700B52956 /* Services */,
				CA0157461F0FB4A7006E40AF /* Utilities */,
				CA3386BF1F2CAA6300B52956 /* weightApp.entitlements */,
				CA90CA651F0F976800BFEBE8 /* AppDelegate.swift */,
				CA90CA691F0F976800BFEBE8 /* Main.storyboard */,
				CA90CA6F1F0F976800BFEBE8 /* Assets.xcassets */,
				CA90CA711F0F976800BFEBE8 /* LaunchScreen.storyboard */,
				CA90CA741F0F976800BFEBE8 /* Info.plist */,
				CA90CA6C1F0F976800BFEBE8 /* weightApp.xcdatamodeld */,
			);
			path = weightApp;
			sourceTree = "<group>";
		};
		CA90CA7C1F0F976800BFEBE8 /* weightAppTests */ = {
			isa = PBXGroup;
			children = (
				CA99960A1F161C1B0043096A /* convertorMeasuresTest.swift */,
				CA0157441F0FB22F006E40AF /* idealWeightLoretzTest.swift */,
				CAEA2E491F277E0400590875 /* calculateTargetDateTest.swift */,
				CA90CA7F1F0F976800BFEBE8 /* Info.plist */,
			);
			path = weightAppTests;
			sourceTree = "<group>";
		};
		CA90CA871F0F976800BFEBE8 /* weightAppUITests */ = {
			isa = PBXGroup;
			children = (
				CA90CA881F0F976800BFEBE8 /* weightAppUITests.swift */,
				CA90CA8A1F0F976800BFEBE8 /* Info.plist */,
			);
			path = weightAppUITests;
			sourceTree = "<group>";
		};
		CA9917EB1F3C9E1000B8E457 /* Assembly */ = {
			isa = PBXGroup;
			children = (
				CA9917EC1F3C9E3300B8E457 /* MainAssembly.swift */,
			);
			name = Assembly;
			sourceTree = "<group>";
		};
		F9360B15BE2A6EE6CB89B5B1 /* Pods */ = {
			isa = PBXGroup;
			children = (
				88BDE107530184938EC7E799 /* Pods-weightApp.debug.xcconfig */,
				2EC3E37A4A70FBA5D883EBD6 /* Pods-weightApp.release.xcconfig */,
				2B05DC5E3712A3A8FB550C77 /* Pods-weightAppTests.debug.xcconfig */,
				57D68C6A53B5BDFE48B93EED /* Pods-weightAppTests.release.xcconfig */,
				C50AB08B3312D391B96F67FA /* Pods-weightAppUITests.debug.xcconfig */,
				A513D44A13D2065A28F423B4 /* Pods-weightAppUITests.release.xcconfig */,
			);
			name = Pods;
			sourceTree = "<group>";
		};
/* End PBXGroup section */

/* Begin PBXNativeTarget section */
		CA90CA611F0F976700BFEBE8 /* weightApp */ = {
			isa = PBXNativeTarget;
			buildConfigurationList = CA90CA8D1F0F976800BFEBE8 /* Build configuration list for PBXNativeTarget "weightApp" */;
			buildPhases = (
				1261C78FE0E7C30021721BE7 /* [CP] Check Pods Manifest.lock */,
				CA90CA5E1F0F976700BFEBE8 /* Sources */,
				CA90CA5F1F0F976700BFEBE8 /* Frameworks */,
				CA90CA601F0F976700BFEBE8 /* Resources */,
				D8BC8BFEC3CA18663A16BFD5 /* [CP] Embed Pods Frameworks */,
				482DE48AB9A02E7C01B14A36 /* [CP] Copy Pods Resources */,
			);
			buildRules = (
			);
			dependencies = (
			);
			name = weightApp;
			productName = weightApp;
			productReference = CA90CA621F0F976800BFEBE8 /* weightApp.app */;
			productType = "com.apple.product-type.application";
		};
		CA90CA781F0F976800BFEBE8 /* weightAppTests */ = {
			isa = PBXNativeTarget;
			buildConfigurationList = CA90CA901F0F976800BFEBE8 /* Build configuration list for PBXNativeTarget "weightAppTests" */;
			buildPhases = (
				3C6A5287C6DC10881C8B472B /* [CP] Check Pods Manifest.lock */,
				CA90CA751F0F976800BFEBE8 /* Sources */,
				CA90CA761F0F976800BFEBE8 /* Frameworks */,
				CA90CA771F0F976800BFEBE8 /* Resources */,
				4FD7C64E9EBACD8D0ADD6278 /* [CP] Embed Pods Frameworks */,
				47B5AD0BFEAD80F6F840F9BF /* [CP] Copy Pods Resources */,
			);
			buildRules = (
			);
			dependencies = (
				CA90CA7B1F0F976800BFEBE8 /* PBXTargetDependency */,
			);
			name = weightAppTests;
			productName = weightAppTests;
			productReference = CA90CA791F0F976800BFEBE8 /* weightAppTests.xctest */;
			productType = "com.apple.product-type.bundle.unit-test";
		};
		CA90CA831F0F976800BFEBE8 /* weightAppUITests */ = {
			isa = PBXNativeTarget;
			buildConfigurationList = CA90CA931F0F976800BFEBE8 /* Build configuration list for PBXNativeTarget "weightAppUITests" */;
			buildPhases = (
				B2CF79E457DE2FF73D123748 /* [CP] Check Pods Manifest.lock */,
				CA90CA801F0F976800BFEBE8 /* Sources */,
				CA90CA811F0F976800BFEBE8 /* Frameworks */,
				CA90CA821F0F976800BFEBE8 /* Resources */,
				9A47257FB61EC2D9C5355BDD /* [CP] Embed Pods Frameworks */,
				787C30434FBD4522EAE11D5D /* [CP] Copy Pods Resources */,
			);
			buildRules = (
			);
			dependencies = (
				CA90CA861F0F976800BFEBE8 /* PBXTargetDependency */,
			);
			name = weightAppUITests;
			productName = weightAppUITests;
			productReference = CA90CA841F0F976800BFEBE8 /* weightAppUITests.xctest */;
			productType = "com.apple.product-type.bundle.ui-testing";
		};
/* End PBXNativeTarget section */

/* Begin PBXProject section */
		CA90CA5A1F0F976700BFEBE8 /* Project object */ = {
			isa = PBXProject;
			attributes = {
				LastSwiftUpdateCheck = 0810;
				LastUpgradeCheck = 0810;
				ORGANIZATIONNAME = "Estefania Guardado";
				TargetAttributes = {
					CA90CA611F0F976700BFEBE8 = {
						CreatedOnToolsVersion = 8.1;
						DevelopmentTeam = E95M86768V;
						LastSwiftMigration = 0920;
						ProvisioningStyle = Automatic;
						SystemCapabilities = {
							com.apple.HealthKit = {
								enabled = 1;
							};
						};
					};
					CA90CA781F0F976800BFEBE8 = {
						CreatedOnToolsVersion = 8.1;
						LastSwiftMigration = 0920;
						ProvisioningStyle = Automatic;
						TestTargetID = CA90CA611F0F976700BFEBE8;
					};
					CA90CA831F0F976800BFEBE8 = {
						CreatedOnToolsVersion = 8.1;
						LastSwiftMigration = 0920;
						ProvisioningStyle = Automatic;
						TestTargetID = CA90CA611F0F976700BFEBE8;
					};
				};
			};
			buildConfigurationList = CA90CA5D1F0F976700BFEBE8 /* Build configuration list for PBXProject "weightApp" */;
			compatibilityVersion = "Xcode 3.2";
			developmentRegion = English;
			hasScannedForEncodings = 0;
			knownRegions = (
				en,
				Base,
			);
			mainGroup = CA90CA591F0F976700BFEBE8;
			productRefGroup = CA90CA631F0F976800BFEBE8 /* Products */;
			projectDirPath = "";
			projectRoot = "";
			targets = (
				CA90CA611F0F976700BFEBE8 /* weightApp */,
				CA90CA781F0F976800BFEBE8 /* weightAppTests */,
				CA90CA831F0F976800BFEBE8 /* weightAppUITests */,
			);
		};
/* End PBXProject section */

/* Begin PBXResourcesBuildPhase section */
		CA90CA601F0F976700BFEBE8 /* Resources */ = {
			isa = PBXResourcesBuildPhase;
			buildActionMask = 2147483647;
			files = (
				CA90CA731F0F976800BFEBE8 /* LaunchScreen.storyboard in Resources */,
				CA90CA701F0F976800BFEBE8 /* Assets.xcassets in Resources */,
				CA90CA6B1F0F976800BFEBE8 /* Main.storyboard in Resources */,
			);
			runOnlyForDeploymentPostprocessing = 0;
		};
		CA90CA771F0F976800BFEBE8 /* Resources */ = {
			isa = PBXResourcesBuildPhase;
			buildActionMask = 2147483647;
			files = (
			);
			runOnlyForDeploymentPostprocessing = 0;
		};
		CA90CA821F0F976800BFEBE8 /* Resources */ = {
			isa = PBXResourcesBuildPhase;
			buildActionMask = 2147483647;
			files = (
			);
			runOnlyForDeploymentPostprocessing = 0;
		};
/* End PBXResourcesBuildPhase section */

/* Begin PBXShellScriptBuildPhase section */
		1261C78FE0E7C30021721BE7 /* [CP] Check Pods Manifest.lock */ = {
			isa = PBXShellScriptBuildPhase;
			buildActionMask = 2147483647;
			files = (
			);
			inputPaths = (
				"${PODS_PODFILE_DIR_PATH}/Podfile.lock",
				"${PODS_ROOT}/Manifest.lock",
			);
			name = "[CP] Check Pods Manifest.lock";
			outputPaths = (
				"$(DERIVED_FILE_DIR)/Pods-weightApp-checkManifestLockResult.txt",
			);
			runOnlyForDeploymentPostprocessing = 0;
			shellPath = /bin/sh;
			shellScript = "diff \"${PODS_PODFILE_DIR_PATH}/Podfile.lock\" \"${PODS_ROOT}/Manifest.lock\" > /dev/null\nif [ $? != 0 ] ; then\n    # print error to STDERR\n    echo \"error: The sandbox is not in sync with the Podfile.lock. Run 'pod install' or update your CocoaPods installation.\" >&2\n    exit 1\nfi\n# This output is used by Xcode 'outputs' to avoid re-running this script phase.\necho \"SUCCESS\" > \"${SCRIPT_OUTPUT_FILE_0}\"\n";
			showEnvVarsInLog = 0;
		};
		3C6A5287C6DC10881C8B472B /* [CP] Check Pods Manifest.lock */ = {
			isa = PBXShellScriptBuildPhase;
			buildActionMask = 2147483647;
			files = (
			);
			inputPaths = (
				"${PODS_PODFILE_DIR_PATH}/Podfile.lock",
				"${PODS_ROOT}/Manifest.lock",
			);
			name = "[CP] Check Pods Manifest.lock";
			outputPaths = (
				"$(DERIVED_FILE_DIR)/Pods-weightAppTests-checkManifestLockResult.txt",
			);
			runOnlyForDeploymentPostprocessing = 0;
			shellPath = /bin/sh;
			shellScript = "diff \"${PODS_PODFILE_DIR_PATH}/Podfile.lock\" \"${PODS_ROOT}/Manifest.lock\" > /dev/null\nif [ $? != 0 ] ; then\n    # print error to STDERR\n    echo \"error: The sandbox is not in sync with the Podfile.lock. Run 'pod install' or update your CocoaPods installation.\" >&2\n    exit 1\nfi\n# This output is used by Xcode 'outputs' to avoid re-running this script phase.\necho \"SUCCESS\" > \"${SCRIPT_OUTPUT_FILE_0}\"\n";
			showEnvVarsInLog = 0;
		};
		47B5AD0BFEAD80F6F840F9BF /* [CP] Copy Pods Resources */ = {
			isa = PBXShellScriptBuildPhase;
			buildActionMask = 2147483647;
			files = (
			);
			inputPaths = (
			);
			name = "[CP] Copy Pods Resources";
			outputPaths = (
			);
			runOnlyForDeploymentPostprocessing = 0;
			shellPath = /bin/sh;
			shellScript = "\"${SRCROOT}/Pods/Target Support Files/Pods-weightAppTests/Pods-weightAppTests-resources.sh\"\n";
			showEnvVarsInLog = 0;
		};
		482DE48AB9A02E7C01B14A36 /* [CP] Copy Pods Resources */ = {
			isa = PBXShellScriptBuildPhase;
			buildActionMask = 2147483647;
			files = (
			);
			inputPaths = (
			);
			name = "[CP] Copy Pods Resources";
			outputPaths = (
			);
			runOnlyForDeploymentPostprocessing = 0;
			shellPath = /bin/sh;
			shellScript = "\"${SRCROOT}/Pods/Target Support Files/Pods-weightApp/Pods-weightApp-resources.sh\"\n";
			showEnvVarsInLog = 0;
		};
		4FD7C64E9EBACD8D0ADD6278 /* [CP] Embed Pods Frameworks */ = {
			isa = PBXShellScriptBuildPhase;
			buildActionMask = 2147483647;
			files = (
			);
			inputPaths = (
			);
			name = "[CP] Embed Pods Frameworks";
			outputPaths = (
			);
			runOnlyForDeploymentPostprocessing = 0;
			shellPath = /bin/sh;
			shellScript = "\"${SRCROOT}/Pods/Target Support Files/Pods-weightAppTests/Pods-weightAppTests-frameworks.sh\"\n";
			showEnvVarsInLog = 0;
		};
		787C30434FBD4522EAE11D5D /* [CP] Copy Pods Resources */ = {
			isa = PBXShellScriptBuildPhase;
			buildActionMask = 2147483647;
			files = (
			);
			inputPaths = (
			);
			name = "[CP] Copy Pods Resources";
			outputPaths = (
			);
			runOnlyForDeploymentPostprocessing = 0;
			shellPath = /bin/sh;
			shellScript = "\"${SRCROOT}/Pods/Target Support Files/Pods-weightAppUITests/Pods-weightAppUITests-resources.sh\"\n";
			showEnvVarsInLog = 0;
		};
		9A47257FB61EC2D9C5355BDD /* [CP] Embed Pods Frameworks */ = {
			isa = PBXShellScriptBuildPhase;
			buildActionMask = 2147483647;
			files = (
			);
			inputPaths = (
			);
			name = "[CP] Embed Pods Frameworks";
			outputPaths = (
			);
			runOnlyForDeploymentPostprocessing = 0;
			shellPath = /bin/sh;
			shellScript = "\"${SRCROOT}/Pods/Target Support Files/Pods-weightAppUITests/Pods-weightAppUITests-frameworks.sh\"\n";
			showEnvVarsInLog = 0;
		};
		B2CF79E457DE2FF73D123748 /* [CP] Check Pods Manifest.lock */ = {
			isa = PBXShellScriptBuildPhase;
			buildActionMask = 2147483647;
			files = (
			);
			inputPaths = (
				"${PODS_PODFILE_DIR_PATH}/Podfile.lock",
				"${PODS_ROOT}/Manifest.lock",
			);
			name = "[CP] Check Pods Manifest.lock";
			outputPaths = (
				"$(DERIVED_FILE_DIR)/Pods-weightAppUITests-checkManifestLockResult.txt",
			);
			runOnlyForDeploymentPostprocessing = 0;
			shellPath = /bin/sh;
			shellScript = "diff \"${PODS_PODFILE_DIR_PATH}/Podfile.lock\" \"${PODS_ROOT}/Manifest.lock\" > /dev/null\nif [ $? != 0 ] ; then\n    # print error to STDERR\n    echo \"error: The sandbox is not in sync with the Podfile.lock. Run 'pod install' or update your CocoaPods installation.\" >&2\n    exit 1\nfi\n# This output is used by Xcode 'outputs' to avoid re-running this script phase.\necho \"SUCCESS\" > \"${SCRIPT_OUTPUT_FILE_0}\"\n";
			showEnvVarsInLog = 0;
		};
		D8BC8BFEC3CA18663A16BFD5 /* [CP] Embed Pods Frameworks */ = {
			isa = PBXShellScriptBuildPhase;
			buildActionMask = 2147483647;
			files = (
			);
			inputPaths = (
				"${SRCROOT}/Pods/Target Support Files/Pods-weightApp/Pods-weightApp-frameworks.sh",
				"${BUILT_PRODUCTS_DIR}/DatePickerDialog/DatePickerDialog.framework",
				"${BUILT_PRODUCTS_DIR}/PromiseKit/PromiseKit.framework",
				"${BUILT_PRODUCTS_DIR}/Typhoon/Typhoon.framework",
			);
			name = "[CP] Embed Pods Frameworks";
			outputPaths = (
				"${TARGET_BUILD_DIR}/${FRAMEWORKS_FOLDER_PATH}/DatePickerDialog.framework",
				"${TARGET_BUILD_DIR}/${FRAMEWORKS_FOLDER_PATH}/PromiseKit.framework",
				"${TARGET_BUILD_DIR}/${FRAMEWORKS_FOLDER_PATH}/Typhoon.framework",
			);
			runOnlyForDeploymentPostprocessing = 0;
			shellPath = /bin/sh;
			shellScript = "\"${SRCROOT}/Pods/Target Support Files/Pods-weightApp/Pods-weightApp-frameworks.sh\"\n";
			showEnvVarsInLog = 0;
		};
/* End PBXShellScriptBuildPhase section */

/* Begin PBXSourcesBuildPhase section */
		CA90CA5E1F0F976700BFEBE8 /* Sources */ = {
			isa = PBXSourcesBuildPhase;
			buildActionMask = 2147483647;
			files = (
				CA749F201F38B0EF007DB162 /* User.swift in Sources */,
				CA3386C41F2CAB0400B52956 /* HealthKitService.swift in Sources */,
				CA494DAD1F41D18800550AF5 /* InitTargetViewController.swift in Sources */,
				CA90CA661F0F976800BFEBE8 /* AppDelegate.swift in Sources */,
				CA494DAE1F41D18800550AF5 /* IntroductionViewController.swift in Sources */,
				CA494DAC1F41D18800550AF5 /* InitStatusViewController.swift in Sources */,
				CAE722EA1F3DFECB005D2B7F /* CalculateTargets.swift in Sources */,
				CA9996071F161AC50043096A /* ConvertorMeasures.swift in Sources */,
				CA49A42E1F28CDB900B2EBD9 /* DatesHandler.swift in Sources */,
				CA9917ED1F3C9E3300B8E457 /* MainAssembly.swift in Sources */,
				CA0157481F0FB4EE006E40AF /* IdealWeightByLoretz.swift in Sources */,
				CA90CA6E1F0F976800BFEBE8 /* weightApp.xcdatamodeld in Sources */,
				CA494DAF1F41D18800550AF5 /* StatusViewController.swift in Sources */,
				CA12EF341F39FEFB00C6477D /* DAOUser.swift in Sources */,
			);
			runOnlyForDeploymentPostprocessing = 0;
		};
		CA90CA751F0F976800BFEBE8 /* Sources */ = {
			isa = PBXSourcesBuildPhase;
			buildActionMask = 2147483647;
			files = (
				CA0157451F0FB22F006E40AF /* idealWeightLoretzTest.swift in Sources */,
				CAEA2E4A1F277E0400590875 /* calculateTargetDateTest.swift in Sources */,
				CA99960B1F161C1B0043096A /* convertorMeasuresTest.swift in Sources */,
			);
			runOnlyForDeploymentPostprocessing = 0;
		};
		CA90CA801F0F976800BFEBE8 /* Sources */ = {
			isa = PBXSourcesBuildPhase;
			buildActionMask = 2147483647;
			files = (
				CA90CA891F0F976800BFEBE8 /* weightAppUITests.swift in Sources */,
			);
			runOnlyForDeploymentPostprocessing = 0;
		};
/* End PBXSourcesBuildPhase section */

/* Begin PBXTargetDependency section */
		CA90CA7B1F0F976800BFEBE8 /* PBXTargetDependency */ = {
			isa = PBXTargetDependency;
			target = CA90CA611F0F976700BFEBE8 /* weightApp */;
			targetProxy = CA90CA7A1F0F976800BFEBE8 /* PBXContainerItemProxy */;
		};
		CA90CA861F0F976800BFEBE8 /* PBXTargetDependency */ = {
			isa = PBXTargetDependency;
			target = CA90CA611F0F976700BFEBE8 /* weightApp */;
			targetProxy = CA90CA851F0F976800BFEBE8 /* PBXContainerItemProxy */;
		};
/* End PBXTargetDependency section */

/* Begin PBXVariantGroup section */
		CA90CA691F0F976800BFEBE8 /* Main.storyboard */ = {
			isa = PBXVariantGroup;
			children = (
				CA90CA6A1F0F976800BFEBE8 /* Base */,
			);
			name = Main.storyboard;
			sourceTree = "<group>";
		};
		CA90CA711F0F976800BFEBE8 /* LaunchScreen.storyboard */ = {
			isa = PBXVariantGroup;
			children = (
				CA90CA721F0F976800BFEBE8 /* Base */,
			);
			name = LaunchScreen.storyboard;
			sourceTree = "<group>";
		};
/* End PBXVariantGroup section */

/* Begin XCBuildConfiguration section */
		CA90CA8B1F0F976800BFEBE8 /* Debug */ = {
			isa = XCBuildConfiguration;
			buildSettings = {
				ALWAYS_SEARCH_USER_PATHS = NO;
				CLANG_ANALYZER_NONNULL = YES;
				CLANG_CXX_LANGUAGE_STANDARD = "gnu++0x";
				CLANG_CXX_LIBRARY = "libc++";
				CLANG_ENABLE_MODULES = YES;
				CLANG_ENABLE_OBJC_ARC = YES;
				CLANG_WARN_BOOL_CONVERSION = YES;
				CLANG_WARN_CONSTANT_CONVERSION = YES;
				CLANG_WARN_DIRECT_OBJC_ISA_USAGE = YES_ERROR;
				CLANG_WARN_DOCUMENTATION_COMMENTS = YES;
				CLANG_WARN_EMPTY_BODY = YES;
				CLANG_WARN_ENUM_CONVERSION = YES;
				CLANG_WARN_INFINITE_RECURSION = YES;
				CLANG_WARN_INT_CONVERSION = YES;
				CLANG_WARN_OBJC_ROOT_CLASS = YES_ERROR;
				CLANG_WARN_SUSPICIOUS_MOVE = YES;
				CLANG_WARN_SUSPICIOUS_MOVES = YES;
				CLANG_WARN_UNREACHABLE_CODE = YES;
				CLANG_WARN__DUPLICATE_METHOD_MATCH = YES;
				"CODE_SIGN_IDENTITY[sdk=iphoneos*]" = "iPhone Developer";
				COPY_PHASE_STRIP = NO;
				DEBUG_INFORMATION_FORMAT = dwarf;
				ENABLE_STRICT_OBJC_MSGSEND = YES;
				ENABLE_TESTABILITY = YES;
				GCC_C_LANGUAGE_STANDARD = gnu99;
				GCC_DYNAMIC_NO_PIC = NO;
				GCC_NO_COMMON_BLOCKS = YES;
				GCC_OPTIMIZATION_LEVEL = 0;
				GCC_PREPROCESSOR_DEFINITIONS = (
					"DEBUG=1",
					"$(inherited)",
				);
				GCC_WARN_64_TO_32_BIT_CONVERSION = YES;
				GCC_WARN_ABOUT_RETURN_TYPE = YES_ERROR;
				GCC_WARN_UNDECLARED_SELECTOR = YES;
				GCC_WARN_UNINITIALIZED_AUTOS = YES_AGGRESSIVE;
				GCC_WARN_UNUSED_FUNCTION = YES;
				GCC_WARN_UNUSED_VARIABLE = YES;
				IPHONEOS_DEPLOYMENT_TARGET = 10.1;
				MTL_ENABLE_DEBUG_INFO = YES;
				ONLY_ACTIVE_ARCH = YES;
				SDKROOT = iphoneos;
				SWIFT_ACTIVE_COMPILATION_CONDITIONS = DEBUG;
				SWIFT_OPTIMIZATION_LEVEL = "-Onone";
				TARGETED_DEVICE_FAMILY = "1,2";
			};
			name = Debug;
		};
		CA90CA8C1F0F976800BFEBE8 /* Release */ = {
			isa = XCBuildConfiguration;
			buildSettings = {
				ALWAYS_SEARCH_USER_PATHS = NO;
				CLANG_ANALYZER_NONNULL = YES;
				CLANG_CXX_LANGUAGE_STANDARD = "gnu++0x";
				CLANG_CXX_LIBRARY = "libc++";
				CLANG_ENABLE_MODULES = YES;
				CLANG_ENABLE_OBJC_ARC = YES;
				CLANG_WARN_BOOL_CONVERSION = YES;
				CLANG_WARN_CONSTANT_CONVERSION = YES;
				CLANG_WARN_DIRECT_OBJC_ISA_USAGE = YES_ERROR;
				CLANG_WARN_DOCUMENTATION_COMMENTS = YES;
				CLANG_WARN_EMPTY_BODY = YES;
				CLANG_WARN_ENUM_CONVERSION = YES;
				CLANG_WARN_INFINITE_RECURSION = YES;
				CLANG_WARN_INT_CONVERSION = YES;
				CLANG_WARN_OBJC_ROOT_CLASS = YES_ERROR;
				CLANG_WARN_SUSPICIOUS_MOVE = YES;
				CLANG_WARN_SUSPICIOUS_MOVES = YES;
				CLANG_WARN_UNREACHABLE_CODE = YES;
				CLANG_WARN__DUPLICATE_METHOD_MATCH = YES;
				"CODE_SIGN_IDENTITY[sdk=iphoneos*]" = "iPhone Developer";
				COPY_PHASE_STRIP = NO;
				DEBUG_INFORMATION_FORMAT = "dwarf-with-dsym";
				ENABLE_NS_ASSERTIONS = NO;
				ENABLE_STRICT_OBJC_MSGSEND = YES;
				GCC_C_LANGUAGE_STANDARD = gnu99;
				GCC_NO_COMMON_BLOCKS = YES;
				GCC_WARN_64_TO_32_BIT_CONVERSION = YES;
				GCC_WARN_ABOUT_RETURN_TYPE = YES_ERROR;
				GCC_WARN_UNDECLARED_SELECTOR = YES;
				GCC_WARN_UNINITIALIZED_AUTOS = YES_AGGRESSIVE;
				GCC_WARN_UNUSED_FUNCTION = YES;
				GCC_WARN_UNUSED_VARIABLE = YES;
				IPHONEOS_DEPLOYMENT_TARGET = 10.1;
				MTL_ENABLE_DEBUG_INFO = NO;
				SDKROOT = iphoneos;
				SWIFT_OPTIMIZATION_LEVEL = "-Owholemodule";
				TARGETED_DEVICE_FAMILY = "1,2";
				VALIDATE_PRODUCT = YES;
			};
			name = Release;
		};
		CA90CA8E1F0F976800BFEBE8 /* Debug */ = {
			isa = XCBuildConfiguration;
			baseConfigurationReference = 88BDE107530184938EC7E799 /* Pods-weightApp.debug.xcconfig */;
			buildSettings = {
				ASSETCATALOG_COMPILER_APPICON_NAME = AppIcon;
				CODE_SIGN_ENTITLEMENTS = weightApp/weightApp.entitlements;
				DEVELOPMENT_TEAM = E95M86768V;
				INFOPLIST_FILE = weightApp/Info.plist;
				LD_RUNPATH_SEARCH_PATHS = "$(inherited) @executable_path/Frameworks";
				PRODUCT_BUNDLE_IDENTIFIER = estefaniaguardado.weightApp;
				PRODUCT_NAME = "$(TARGET_NAME)";
				SWIFT_SWIFT3_OBJC_INFERENCE = Default;
				SWIFT_VERSION = 4.0;
			};
			name = Debug;
		};
		CA90CA8F1F0F976800BFEBE8 /* Release */ = {
			isa = XCBuildConfiguration;
			baseConfigurationReference = 2EC3E37A4A70FBA5D883EBD6 /* Pods-weightApp.release.xcconfig */;
			buildSettings = {
				ASSETCATALOG_COMPILER_APPICON_NAME = AppIcon;
				CODE_SIGN_ENTITLEMENTS = weightApp/weightApp.entitlements;
				DEVELOPMENT_TEAM = E95M86768V;
				INFOPLIST_FILE = weightApp/Info.plist;
				LD_RUNPATH_SEARCH_PATHS = "$(inherited) @executable_path/Frameworks";
				PRODUCT_BUNDLE_IDENTIFIER = estefaniaguardado.weightApp;
				PRODUCT_NAME = "$(TARGET_NAME)";
				SWIFT_SWIFT3_OBJC_INFERENCE = Default;
				SWIFT_VERSION = 4.0;
			};
			name = Release;
		};
		CA90CA911F0F976800BFEBE8 /* Debug */ = {
			isa = XCBuildConfiguration;
			baseConfigurationReference = 2B05DC5E3712A3A8FB550C77 /* Pods-weightAppTests.debug.xcconfig */;
			buildSettings = {
				ALWAYS_EMBED_SWIFT_STANDARD_LIBRARIES = YES;
				BUNDLE_LOADER = "$(TEST_HOST)";
				INFOPLIST_FILE = weightAppTests/Info.plist;
				LD_RUNPATH_SEARCH_PATHS = "$(inherited) @executable_path/Frameworks @loader_path/Frameworks";
				PRODUCT_BUNDLE_IDENTIFIER = estefaniaguardado.weightAppTests;
				PRODUCT_NAME = "$(TARGET_NAME)";
				SWIFT_SWIFT3_OBJC_INFERENCE = On;
				SWIFT_VERSION = 4.0;
				TEST_HOST = "$(BUILT_PRODUCTS_DIR)/weightApp.app/weightApp";
			};
			name = Debug;
		};
		CA90CA921F0F976800BFEBE8 /* Release */ = {
			isa = XCBuildConfiguration;
			baseConfigurationReference = 57D68C6A53B5BDFE48B93EED /* Pods-weightAppTests.release.xcconfig */;
			buildSettings = {
				ALWAYS_EMBED_SWIFT_STANDARD_LIBRARIES = YES;
				BUNDLE_LOADER = "$(TEST_HOST)";
				INFOPLIST_FILE = weightAppTests/Info.plist;
				LD_RUNPATH_SEARCH_PATHS = "$(inherited) @executable_path/Frameworks @loader_path/Frameworks";
				PRODUCT_BUNDLE_IDENTIFIER = estefaniaguardado.weightAppTests;
				PRODUCT_NAME = "$(TARGET_NAME)";
				SWIFT_SWIFT3_OBJC_INFERENCE = On;
				SWIFT_VERSION = 4.0;
				TEST_HOST = "$(BUILT_PRODUCTS_DIR)/weightApp.app/weightApp";
			};
			name = Release;
		};
		CA90CA941F0F976800BFEBE8 /* Debug */ = {
			isa = XCBuildConfiguration;
			baseConfigurationReference = C50AB08B3312D391B96F67FA /* Pods-weightAppUITests.debug.xcconfig */;
			buildSettings = {
				ALWAYS_EMBED_SWIFT_STANDARD_LIBRARIES = YES;
				INFOPLIST_FILE = weightAppUITests/Info.plist;
				LD_RUNPATH_SEARCH_PATHS = "$(inherited) @executable_path/Frameworks @loader_path/Frameworks";
				PRODUCT_BUNDLE_IDENTIFIER = estefaniaguardado.weightAppUITests;
				PRODUCT_NAME = "$(TARGET_NAME)";
				SWIFT_SWIFT3_OBJC_INFERENCE = On;
				SWIFT_VERSION = 4.0;
				TEST_TARGET_NAME = weightApp;
			};
			name = Debug;
		};
		CA90CA951F0F976800BFEBE8 /* Release */ = {
			isa = XCBuildConfiguration;
			baseConfigurationReference = A513D44A13D2065A28F423B4 /* Pods-weightAppUITests.release.xcconfig */;
			buildSettings = {
				ALWAYS_EMBED_SWIFT_STANDARD_LIBRARIES = YES;
				INFOPLIST_FILE = weightAppUITests/Info.plist;
				LD_RUNPATH_SEARCH_PATHS = "$(inherited) @executable_path/Frameworks @loader_path/Frameworks";
				PRODUCT_BUNDLE_IDENTIFIER = estefaniaguardado.weightAppUITests;
				PRODUCT_NAME = "$(TARGET_NAME)";
				SWIFT_SWIFT3_OBJC_INFERENCE = On;
				SWIFT_VERSION = 4.0;
				TEST_TARGET_NAME = weightApp;
			};
			name = Release;
		};
/* End XCBuildConfiguration section */

/* Begin XCConfigurationList section */
		CA90CA5D1F0F976700BFEBE8 /* Build configuration list for PBXProject "weightApp" */ = {
			isa = XCConfigurationList;
			buildConfigurations = (
				CA90CA8B1F0F976800BFEBE8 /* Debug */,
				CA90CA8C1F0F976800BFEBE8 /* Release */,
			);
			defaultConfigurationIsVisible = 0;
			defaultConfigurationName = Release;
		};
		CA90CA8D1F0F976800BFEBE8 /* Build configuration list for PBXNativeTarget "weightApp" */ = {
			isa = XCConfigurationList;
			buildConfigurations = (
				CA90CA8E1F0F976800BFEBE8 /* Debug */,
				CA90CA8F1F0F976800BFEBE8 /* Release */,
			);
			defaultConfigurationIsVisible = 0;
			defaultConfigurationName = Release;
		};
		CA90CA901F0F976800BFEBE8 /* Build configuration list for PBXNativeTarget "weightAppTests" */ = {
			isa = XCConfigurationList;
			buildConfigurations = (
				CA90CA911F0F976800BFEBE8 /* Debug */,
				CA90CA921F0F976800BFEBE8 /* Release */,
			);
			defaultConfigurationIsVisible = 0;
			defaultConfigurationName = Release;
		};
		CA90CA931F0F976800BFEBE8 /* Build configuration list for PBXNativeTarget "weightAppUITests" */ = {
			isa = XCConfigurationList;
			buildConfigurations = (
				CA90CA941F0F976800BFEBE8 /* Debug */,
				CA90CA951F0F976800BFEBE8 /* Release */,
			);
			defaultConfigurationIsVisible = 0;
			defaultConfigurationName = Release;
		};
/* End XCConfigurationList section */

/* Begin XCVersionGroup section */
		CA90CA6C1F0F976800BFEBE8 /* weightApp.xcdatamodeld */ = {
			isa = XCVersionGroup;
			children = (
				CA90CA6D1F0F976800BFEBE8 /* weightApp.xcdatamodel */,
			);
			currentVersion = CA90CA6D1F0F976800BFEBE8 /* weightApp.xcdatamodel */;
			path = weightApp.xcdatamodeld;
			sourceTree = "<group>";
			versionGroupType = wrapper.xcdatamodel;
		};
/* End XCVersionGroup section */
	};
	rootObject = CA90CA5A1F0F976700BFEBE8 /* Project object */;
}
